
Microsoft Visual Studio Solution File, Format Version 12.00
# Visual Studio 15
VisualStudioVersion = 15.0.27004.2002
MinimumVisualStudioVersion = 10.0.40219.1
Project("{FAE04EC0-301F-11D3-BF4B-00C04F79EFBC}") = "HelloSourceControl", "HelloSourceControl\HelloSourceControl.csproj", "{396B3635-1AEB-4564-ADA5-D6A4B8B30686}"
EndProject
Global
	GlobalSection(SolutionConfigurationPlatforms) = preSolution
		Debug|Any CPU = Debug|Any CPU
		Release|Any CPU = Release|Any CPU
	EndGlobalSection
	GlobalSection(ProjectConfigurationPlatforms) = postSolution
		{396B3635-1AEB-4564-ADA5-D6A4B8B30686}.Debug|Any CPU.ActiveCfg = Debug|Any CPU
		{396B3635-1AEB-4564-ADA5-D6A4B8B30686}.Debug|Any CPU.Build.0 = Debug|Any CPU
		{396B3635-1AEB-4564-ADA5-D6A4B8B30686}.Release|Any CPU.ActiveCfg = Release|Any CPU
		{396B3635-1AEB-4564-ADA5-D6A4B8B30686}.Release|Any CPU.Build.0 = Release|Any CPU
	EndGlobalSection
	GlobalSection(SolutionProperties) = preSolution
		HideSolutionNode = FALSE
	EndGlobalSection
	GlobalSection(ExtensibilityGlobals) = postSolution
		SolutionGuid = {4C3F99F7-A78E-4F90-ACA5-173F851F1767}
	EndGlobalSection
EndGlobal
